github.com/otiai10/copy v1.1.1 h1:PH7IFlRQ6Fv9vYmuXbDRLdgTHoP1w483kPNUP2bskpo=
github.com/otiai10/copy v1.1.1/go.mod h1:rrF5dJ5F0t/EWSYODDu4j9/vEeYHMkc8jt0zJChqQWw=
github.com/otiai10/curr v0.0.0-20150429015615-9b4961190c95/go.mod h1:9qAhocn7zKJG+0mI8eUu6xqkFDYS2kb2saOteoSB3cE=
github.com/otiai10/curr v1.0.0 h1:TJIWdbX0B+kpNagQrjgq8bCMrbhiuX73M2XwgtDMoOI=
github.com/otiai10/curr v1.0.0/go.mod h1:LskTG5wDwr8Rs+nNQ+1LlxRjAtTZZjtJW4rMXl6j4vs=
github.com/otiai10/mint v1.3.0/go.mod h1:F5AjcsTsWUqX+Na9fpHb52P8pcRX2CI6A3ctIT91xUo=
github.com/otiai10/mint v1.3.1 h1:BCmzIS3n71sGfHB5NMNDB3lHYPz8fWSkCAErHed//qc=
github.com/otiai10/mint v1.3.1/go.mod h1:/yxELlJQ0ufhjUwhshSj+wFjZ78CnZ48/1wtmBH1OTc=
github.com/smallfish/simpleyaml v0.0.0-20170911015856-a32031077861 h1:9z0Ip656Pc+3cj/BpHkErOVg4iE0xcAdvJwfA3hMVzU=
github.com/smallfish/simpleyaml v0.0.0-20170911015856-a32031077861/go.mod h1:eGZ1jp5PTJ+XVhTErUmw0xyPbgctPFlixWPypUrDkSs=
github.com/yuin/goldmark v1.1.27 h1:nqDD4MMMQA0lmWq03Z2/myGPYLQoXtmi0rGVs95ntbo=
github.com/yuin/goldmark v1.1.27/go.mod h1:3hX8gzYuyVAZsxl0MRgGTJEmQBFcNTphYh9decYSb74=
gopkg.in/check.v1 v0.0.0-20161208181325-20d25e280405 h1:yhCVgyC4o1eVCa2tZl7eS0r+SDo693bJlVdllGtEeKM=
gopkg.in/check.v1 v0.0.0-20161208181325-20d25e280405/go.mod h1:Co6ibVJAznAaIkqp8huTwlJQCZ016jof/cbN4VW5Yz0=
gopkg.in/urfave/cli.v1 v1.20.0 h1:NdAVW6RYxDif9DhDHaAortIu956m2c0v+09AZBPTbE0=
gopkg.in/urfave/cli.v1 v1.20.0/go.mod h1:vuBzUtMdQeixQj8LVd+/98pzhxNGQoyuPBlsXHOQNO0=
gopkg.in/yaml.v2 v2.2.8 h1:obN1ZagJSUGI0Ek/LBmuj4SNLPfIny3KsKFopxRdj10=
gopkg.in/yaml.v2 v2.2.8/go.mod h1:hI93XBmqTisBFMUTm0b8Fm+jr3Dg1NNxqwp+5A1VGuI=
